
Microsoft Visual Studio Solution File, Format Version 12.00
# Visual Studio Version 17
VisualStudioVersion = 17.8.34316.72
MinimumVisualStudioVersion = 10.0.40219.1
Project("{9A19103F-16F7-4668-BE54-9A1E7A4F7556}") = "BlazorChatDotNet8", "BlazorChatDotNet8\BlazorChatDotNet8\BlazorChatDotNet8.csproj", "{FCA4A574-9729-42A6-8AD1-B9280AE3BC54}"
EndProject
Project("{9A19103F-16F7-4668-BE54-9A1E7A4F7556}") = "BlazorChatDotNet8.Client", "BlazorChatDotNet8\BlazorChatDotNet8.Client\BlazorChatDotNet8.Client.csproj", "{DCC64A3B-1A82-4A5E-B747-53D5A3CA33F8}"
EndProject
Project("{FAE04EC0-301F-11D3-BF4B-00C04F79EFBC}") = "BlazorChatCommon", "BlazorChatCommon\BlazorChatCommon.csproj", "{448AE728-B5B7-41DE-88DA-D6B11119C9CD}"
EndProject
Global
	GlobalSection(SolutionConfigurationPlatforms) = preSolution
		Debug|Any CPU = Debug|Any CPU
		Release|Any CPU = Release|Any CPU
	EndGlobalSection
	GlobalSection(ProjectConfigurationPlatforms) = postSolution
		{FCA4A574-9729-42A6-8AD1-B9280AE3BC54}.Debug|Any CPU.ActiveCfg = Debug|Any CPU
		{FCA4A574-9729-42A6-8AD1-B9280AE3BC54}.Debug|Any CPU.Build.0 = Debug|Any CPU
		{FCA4A574-9729-42A6-8AD1-B9280AE3BC54}.Release|Any CPU.ActiveCfg = Release|Any CPU
		{FCA4A574-9729-42A6-8AD1-B9280AE3BC54}.Release|Any CPU.Build.0 = Release|Any CPU
		{DCC64A3B-1A82-4A5E-B747-53D5A3CA33F8}.Debug|Any CPU.ActiveCfg = Debug|Any CPU
		{DCC64A3B-1A82-4A5E-B747-53D5A3CA33F8}.Debug|Any CPU.Build.0 = Debug|Any CPU
		{DCC64A3B-1A82-4A5E-B747-53D5A3CA33F8}.Release|Any CPU.ActiveCfg = Release|Any CPU
		{DCC64A3B-1A82-4A5E-B747-53D5A3CA33F8}.Release|Any CPU.Build.0 = Release|Any CPU
		{448AE728-B5B7-41DE-88DA-D6B11119C9CD}.Debug|Any CPU.ActiveCfg = Debug|Any CPU
		{448AE728-B5B7-41DE-88DA-D6B11119C9CD}.Debug|Any CPU.Build.0 = Debug|Any CPU
		{448AE728-B5B7-41DE-88DA-D6B11119C9CD}.Release|Any CPU.ActiveCfg = Release|Any CPU
		{448AE728-B5B7-41DE-88DA-D6B11119C9CD}.Release|Any CPU.Build.0 = Release|Any CPU
	EndGlobalSection
	GlobalSection(SolutionProperties) = preSolution
		HideSolutionNode = FALSE
	EndGlobalSection
	GlobalSection(ExtensibilityGlobals) = postSolution
		SolutionGuid = {5C4EA27E-4BD9-42D9-8FF1-F1E8174E3CD2}
	EndGlobalSection
EndGlobal
